// !$*UTF8*$!
{
	archiveVersion = 1;
	classes = {
	};
	objectVersion = 50;
	objects = {

/* Begin PBXBuildFile section */
		7AC9D3F12366882C00D46A0B /* AppDelegate.m in Sources */ = {isa = PBXBuildFile; fileRef = 7AC9D3F02366882C00D46A0B /* AppDelegate.m */; };
		7AC9D3F42366882C00D46A0B /* SceneDelegate.m in Sources */ = {isa = PBXBuildFile; fileRef = 7AC9D3F32366882C00D46A0B /* SceneDelegate.m */; };
		7AC9D3F72366882C00D46A0B /* ViewController.m in Sources */ = {isa = PBXBuildFile; fileRef = 7AC9D3F62366882C00D46A0B /* ViewController.m */; };
		7AC9D3FA2366882C00D46A0B /* Main.storyboard in Resources */ = {isa = PBXBuildFile; fileRef = 7AC9D3F82366882C00D46A0B /* Main.storyboard */; };
		7AC9D3FC2366883200D46A0B /* Assets.xcassets in Resources */ = {isa = PBXBuildFile; fileRef = 7AC9D3FB2366883200D46A0B /* Assets.xcassets */; };
		7AC9D3FF2366883200D46A0B /* LaunchScreen.storyboard in Resources */ = {isa = PBXBuildFile; fileRef = 7AC9D3FD2366883200D46A0B /* LaunchScreen.storyboard */; };
		7AC9D4022366883200D46A0B /* main.m in Sources */ = {isa = PBXBuildFile; fileRef = 7AC9D4012366883200D46A0B /* main.m */; };
/* End PBXBuildFile section */

/* Begin PBXFileReference section */
		7AC9D3EC2366882C00D46A0B /* MapLib4iOS.app */ = {isa = PBXFileReference; explicitFileType = wrapper.application; includeInIndex = 0; path = MapLib4iOS.app; sourceTree = BUILT_PRODUCTS_DIR; };
		7AC9D3EF2366882C00D46A0B /* AppDelegate.h */ = {isa = PBXFileReference; lastKnownFileType = sourcecode.c.h; path = AppDelegate.h; sourceTree = "<group>"; };
		7AC9D3F02366882C00D46A0B /* AppDelegate.m */ = {isa = PBXFileReference; lastKnownFileType = sourcecode.c.objc; path = AppDelegate.m; sourceTree = "<group>"; };
		7AC9D3F22366882C00D46A0B /* SceneDelegate.h */ = {isa = PBXFileReference; lastKnownFileType = sourcecode.c.h; path = SceneDelegate.h; sourceTree = "<group>"; };
		7AC9D3F32366882C00D46A0B /* SceneDelegate.m */ = {isa = PBXFileReference; lastKnownFileType = sourcecode.c.objc; path = SceneDelegate.m; sourceTree = "<group>"; };
		7AC9D3F52366882C00D46A0B /* ViewController.h */ = {isa = PBXFileReference; lastKnownFileType = sourcecode.c.h; path = ViewController.h; sourceTree = "<group>"; };
		7AC9D3F62366882C00D46A0B /* ViewController.m */ = {isa = PBXFileReference; lastKnownFileType = sourcecode.c.objc; path = ViewController.m; sourceTree = "<group>"; };
		7AC9D3F92366882C00D46A0B /* Base */ = {isa = PBXFileReference; lastKnownFileType = file.storyboard; name = Base; path = Base.lproj/Main.storyboard; sourceTree = "<group>"; };
		7AC9D3FB2366883200D46A0B /* Assets.xcassets */ = {isa = PBXFileReference; lastKnownFileType = folder.assetcatalog; path = Assets.xcassets; sourceTree = "<group>"; };
		7AC9D3FE2366883200D46A0B /* Base */ = {isa = PBXFileReference; lastKnownFileType = file.storyboard; name = Base; path = Base.lproj/LaunchScreen.storyboard; sourceTree = "<group>"; };
		7AC9D4002366883200D46A0B /* Info.plist */ = {isa = PBXFileReference; lastKnownFileType = text.plist.xml; path = Info.plist; sourceTree = "<group>"; };
		7AC9D4012366883200D46A0B /* main.m */ = {isa = PBXFileReference; lastKnownFileType = sourcecode.c.objc; path = main.m; sourceTree = "<group>"; };
/* End PBXFileReference section */

/* Begin PBXFrameworksBuildPhase section */
		7AC9D3E92366882C00D46A0B /* Frameworks */ = {
			isa = PBXFrameworksBuildPhase;
			buildActionMask = 2147483647;
			files = (
			);
			runOnlyForDeploymentPostprocessing = 0;
		};
/* End PBXFrameworksBuildPhase section */

/* Begin PBXGroup section */
		7AC9D3E32366882C00D46A0B = {
			isa = PBXGroup;
			children = (
				7AC9D3EE2366882C00D46A0B /* MapLib4iOS */,
				7AC9D3ED2366882C00D46A0B /* Products */,
			);
			sourceTree = "<group>";
		};
		7AC9D3ED2366882C00D46A0B /* Products */ = {
			isa = PBXGroup;
			children = (
				7AC9D3EC2366882C00D46A0B /* MapLib4iOS.app */,
			);
			name = Products;
			sourceTree = "<group>";
		};
		7AC9D3EE2366882C00D46A0B /* MapLib4iOS */ = {
			isa = PBXGroup;
			children = (
				7AC9D3EF2366882C00D46A0B /* AppDelegate.h */,
				7AC9D3F02366882C00D46A0B /* AppDelegate.m */,
				7AC9D3F22366882C00D46A0B /* SceneDelegate.h */,
				7AC9D3F32366882C00D46A0B /* SceneDelegate.m */,
				7AC9D3F52366882C00D46A0B /* ViewController.h */,
				7AC9D3F62366882C00D46A0B /* ViewController.m */,
				7AC9D3F82366882C00D46A0B /* Main.storyboard */,
				7AC9D3FB2366883200D46A0B /* Assets.xcassets */,
				7AC9D3FD2366883200D46A0B /* LaunchScreen.storyboard */,
				7AC9D4002366883200D46A0B /* Info.plist */,
				7AC9D4012366883200D46A0B /* main.m */,
			);
			path = MapLib4iOS;
			sourceTree = "<group>";
		};
/* End PBXGroup section */

/* Begin PBXNativeTarget section */
		7AC9D3EB2366882C00D46A0B /* MapLib4iOS */ = {
			isa = PBXNativeTarget;
			buildConfigurationList = 7AC9D4052366883200D46A0B /* Build configuration list for PBXNativeTarget "MapLib4iOS" */;
			buildPhases = (
				7AC9D3E82366882C00D46A0B /* Sources */,
				7AC9D3E92366882C00D46A0B /* Frameworks */,
				7AC9D3EA2366882C00D46A0B /* Resources */,
			);
			buildRules = (
			);
			dependencies = (
			);
			name = MapLib4iOS;
			productName = MapLib4iOS;
			productReference = 7AC9D3EC2366882C00D46A0B /* MapLib4iOS.app */;
			productType = "com.apple.product-type.application";
		};
/* End PBXNativeTarget section */

/* Begin PBXProject section */
		7AC9D3E42366882C00D46A0B /* Project object */ = {
			isa = PBXProject;
			attributes = {
				LastUpgradeCheck = 1100;
				ORGANIZATIONNAME = xyz;
				TargetAttributes = {
					7AC9D3EB2366882C00D46A0B = {
						CreatedOnToolsVersion = 11.0;
					};
				};
			};
			buildConfigurationList = 7AC9D3E72366882C00D46A0B /* Build configuration list for PBXProject "MapLib4iOS" */;
			compatibilityVersion = "Xcode 9.3";
			developmentRegion = en;
			hasScannedForEncodings = 0;
			knownRegions = (
				en,
				Base,
			);
			mainGroup = 7AC9D3E32366882C00D46A0B;
			productRefGroup = 7AC9D3ED2366882C00D46A0B /* Products */;
			projectDirPath = "";
			projectRoot = "";
			targets = (
				7AC9D3EB2366882C00D46A0B /* MapLib4iOS */,
			);
		};
/* End PBXProject section */

/* Begin PBXResourcesBuildPhase section */
		7AC9D3EA2366882C00D46A0B /* Resources */ = {
			isa = PBXResourcesBuildPhase;
			buildActionMask = 2147483647;
			files = (
				7AC9D3FF2366883200D46A0B /* LaunchScreen.storyboard in Resources */,
				7AC9D3FC2366883200D46A0B /* Assets.xcassets in Resources */,
				7AC9D3FA2366882C00D46A0B /* Main.storyboard in Resources */,
			);
			runOnlyForDeploymentPostprocessing = 0;
		};
/* End PBXResourcesBuildPhase section */

/* Begin PBXSourcesBuildPhase section */
		7AC9D3E82366882C00D46A0B /* Sources */ = {
			isa = PBXSourcesBuildPhase;
			buildActionMask = 2147483647;
			files = (
				7AC9D3F72366882C00D46A0B /* ViewController.m in Sources */,
				7AC9D3F12366882C00D46A0B /* AppDelegate.m in Sources */,
				7AC9D4022366883200D46A0B /* main.m in Sources */,
				7AC9D3F42366882C00D46A0B /* SceneDelegate.m in Sources */,
			);
			runOnlyForDeploymentPostprocessing = 0;
		};
/* End PBXSourcesBuildPhase section */

/* Begin PBXVariantGroup section */
		7AC9D3F82366882C00D46A0B /* Main.storyboard */ = {
			isa = PBXVariantGroup;
			children = (
				7AC9D3F92366882C00D46A0B /* Base */,
			);
			name = Main.storyboard;
			sourceTree = "<group>";
		};
		7AC9D3FD2366883200D46A0B /* LaunchScreen.storyboard */ = {
			isa = PBXVariantGroup;
			children = (
				7AC9D3FE2366883200D46A0B /* Base */,
			);
			name = LaunchScreen.storyboard;
			sourceTree = "<group>";
		};
/* End PBXVariantGroup section */

/* Begin XCBuildConfiguration section */
		7AC9D4032366883200D46A0B /* Debug */ = {
			isa = XCBuildConfiguration;
			buildSettings = {
				ALWAYS_SEARCH_USER_PATHS = NO;
				CLANG_ANALYZER_NONNULL = YES;
				CLANG_ANALYZER_NUMBER_OBJECT_CONVERSION = YES_AGGRESSIVE;
				CLANG_CXX_LANGUAGE_STANDARD = "gnu++14";
				CLANG_CXX_LIBRARY = "libc++";
				CLANG_ENABLE_MODULES = YES;
				CLANG_ENABLE_OBJC_ARC = YES;
				CLANG_ENABLE_OBJC_WEAK = YES;
				CLANG_WARN_BLOCK_CAPTURE_AUTORELEASING = YES;
				CLANG_WARN_BOOL_CONVERSION = YES;
				CLANG_WARN_COMMA = YES;
				CLANG_WARN_CONSTANT_CONVERSION = YES;
				CLANG_WARN_DEPRECATED_OBJC_IMPLEMENTATIONS = YES;
				CLANG_WARN_DIRECT_OBJC_ISA_USAGE = YES_ERROR;
				CLANG_WARN_DOCUMENTATION_COMMENTS = YES;
				CLANG_WARN_EMPTY_BODY = YES;
				CLANG_WARN_ENUM_CONVERSION = YES;
				CLANG_WARN_INFINITE_RECURSION = YES;
				CLANG_WARN_INT_CONVERSION = YES;
				CLANG_WARN_NON_LITERAL_NULL_CONVERSION = YES;
				CLANG_WARN_OBJC_IMPLICIT_RETAIN_SELF = YES;
				CLANG_WARN_OBJC_LITERAL_CONVERSION = YES;
				CLANG_WARN_OBJC_ROOT_CLASS = YES_ERROR;
				CLANG_WARN_RANGE_LOOP_ANALYSIS = YES;
				CLANG_WARN_STRICT_PROTOTYPES = YES;
				CLANG_WARN_SUSPICIOUS_MOVE = YES;
				CLANG_WARN_UNGUARDED_AVAILABILITY = YES_AGGRESSIVE;
				CLANG_WARN_UNREACHABLE_CODE = YES;
				CLANG_WARN__DUPLICATE_METHOD_MATCH = YES;
				COPY_PHASE_STRIP = NO;
				DEBUG_INFORMATION_FORMAT = dwarf;
				ENABLE_STRICT_OBJC_MSGSEND = YES;
				ENABLE_TESTABILITY = YES;
				GCC_C_LANGUAGE_STANDARD = gnu11;
				GCC_DYNAMIC_NO_PIC = NO;
				GCC_NO_COMMON_BLOCKS = YES;
				GCC_OPTIMIZATION_LEVEL = 0;
				GCC_PREPROCESSOR_DEFINITIONS = (
					"DEBUG=1",
					"$(inherited)",
				);
				GCC_WARN_64_TO_32_BIT_CONVERSION = YES;
				GCC_WARN_ABOUT_RETURN_TYPE = YES_ERROR;
				GCC_WARN_UNDECLARED_SELECTOR = YES;
				GCC_WARN_UNINITIALIZED_AUTOS = YES_AGGRESSIVE;
				GCC_WARN_UNUSED_FUNCTION = YES;
				GCC_WARN_UNUSED_VARIABLE = YES;
				IPHONEOS_DEPLOYMENT_TARGET = 13.0;
				MTL_ENABLE_DEBUG_INFO = INCLUDE_SOURCE;
				MTL_FAST_MATH = YES;
				ONLY_ACTIVE_ARCH = YES;
				SDKROOT = iphoneos;
			};
			name = Debug;
		};
		7AC9D4042366883200D46A0B /* Release */ = {
			isa = XCBuildConfiguration;
			buildSettings = {
				ALWAYS_SEARCH_USER_PATHS = NO;
				CLANG_ANALYZER_NONNULL = YES;
				CLANG_ANALYZER_NUMBER_OBJECT_CONVERSION = YES_AGGRESSIVE;
				CLANG_CXX_LANGUAGE_STANDARD = "gnu++14";
				CLANG_CXX_LIBRARY = "libc++";
				CLANG_ENABLE_MODULES = YES;
				CLANG_ENABLE_OBJC_ARC = YES;
				CLANG_ENABLE_OBJC_WEAK = YES;
				CLANG_WARN_BLOCK_CAPTURE_AUTORELEASING = YES;
				CLANG_WARN_BOOL_CONVERSION = YES;
				CLANG_WARN_COMMA = YES;
				CLANG_WARN_CONSTANT_CONVERSION = YES;
				CLANG_WARN_DEPRECATED_OBJC_IMPLEMENTATIONS = YES;
				CLANG_WARN_DIRECT_OBJC_ISA_USAGE = YES_ERROR;
				CLANG_WARN_DOCUMENTATION_COMMENTS = YES;
				CLANG_WARN_EMPTY_BODY = YES;
				CLANG_WARN_ENUM_CONVERSION = YES;
				CLANG_WARN_INFINITE_RECURSION = YES;
				CLANG_WARN_INT_CONVERSION = YES;
				CLANG_WARN_NON_LITERAL_NULL_CONVERSION = YES;
				CLANG_WARN_OBJC_IMPLICIT_RETAIN_SELF = YES;
				CLANG_WARN_OBJC_LITERAL_CONVERSION = YES;
				CLANG_WARN_OBJC_ROOT_CLASS = YES_ERROR;
				CLANG_WARN_RANGE_LOOP_ANALYSIS = YES;
				CLANG_WARN_STRICT_PROTOTYPES = YES;
				CLANG_WARN_SUSPICIOUS_MOVE = YES;
				CLANG_WARN_UNGUARDED_AVAILABILITY = YES_AGGRESSIVE;
				CLANG_WARN_UNREACHABLE_CODE = YES;
				CLANG_WARN__DUPLICATE_METHOD_MATCH = YES;
				COPY_PHASE_STRIP = NO;
				DEBUG_INFORMATION_FORMAT = "dwarf-with-dsym";
				ENABLE_NS_ASSERTIONS = NO;
				ENABLE_STRICT_OBJC_MSGSEND = YES;
				GCC_C_LANGUAGE_STANDARD = gnu11;
				GCC_NO_COMMON_BLOCKS = YES;
				GCC_WARN_64_TO_32_BIT_CONVERSION = YES;
				GCC_WARN_ABOUT_RETURN_TYPE = YES_ERROR;
				GCC_WARN_UNDECLARED_SELECTOR = YES;
				GCC_WARN_UNINITIALIZED_AUTOS = YES_AGGRESSIVE;
				GCC_WARN_UNUSED_FUNCTION = YES;
				GCC_WARN_UNUSED_VARIABLE = YES;
				IPHONEOS_DEPLOYMENT_TARGET = 13.0;
				MTL_ENABLE_DEBUG_INFO = NO;
				MTL_FAST_MATH = YES;
				SDKROOT = iphoneos;
				VALIDATE_PRODUCT = YES;
			};
			name = Release;
		};
		7AC9D4062366883200D46A0B /* Debug */ = {
			isa = XCBuildConfiguration;
			buildSettings = {
				ASSETCATALOG_COMPILER_APPICON_NAME = AppIcon;
				CODE_SIGN_STYLE = Automatic;
				DEVELOPMENT_TEAM = 7E7TMCQKDR;
				INFOPLIST_FILE = MapLib4iOS/Info.plist;
				LD_RUNPATH_SEARCH_PATHS = (
					"$(inherited)",
					"@executable_path/Frameworks",
				);
				PRODUCT_BUNDLE_IDENTIFIER = com.xyz.MapLib4iOS;
				PRODUCT_NAME = "$(TARGET_NAME)";
				TARGETED_DEVICE_FAMILY = "1,2";
			};
			name = Debug;
		};
		7AC9D4072366883200D46A0B /* Release */ = {
			isa = XCBuildConfiguration;
			buildSettings = {
				ASSETCATALOG_COMPILER_APPICON_NAME = AppIcon;
				CODE_SIGN_STYLE = Automatic;
				DEVELOPMENT_TEAM = 7E7TMCQKDR;
				INFOPLIST_FILE = MapLib4iOS/Info.plist;
				LD_RUNPATH_SEARCH_PATHS = (
					"$(inherited)",
					"@executable_path/Frameworks",
				);
				PRODUCT_BUNDLE_IDENTIFIER = com.xyz.MapLib4iOS;
				PRODUCT_NAME = "$(TARGET_NAME)";
				TARGETED_DEVICE_FAMILY = "1,2";
			};
			name = Release;
		};
/* End XCBuildConfiguration section */

/* Begin XCConfigurationList section */
		7AC9D3E72366882C00D46A0B /* Build configuration list for PBXProject "MapLib4iOS" */ = {
			isa = XCConfigurationList;
			buildConfigurations = (
				7AC9D4032366883200D46A0B /* Debug */,
				7AC9D4042366883200D46A0B /* Release */,
			);
			defaultConfigurationIsVisible = 0;
			defaultConfigurationName = Release;
		};
		7AC9D4052366883200D46A0B /* Build configuration list for PBXNativeTarget "MapLib4iOS" */ = {
			isa = XCConfigurationList;
			buildConfigurations = (
				7AC9D4062366883200D46A0B /* Debug */,
				7AC9D4072366883200D46A0B /* Release */,
			);
			defaultConfigurationIsVisible = 0;
			defaultConfigurationName = Release;
		};
/* End XCConfigurationList section */
	};
	rootObject = 7AC9D3E42366882C00D46A0B /* Project object */;
}
